
Microsoft Visual Studio Solution File, Format Version 12.00
# Visual Studio Version 16
VisualStudioVersion = 16.0.30517.126
MinimumVisualStudioVersion = 10.0.40219.1
Project("{8BC9CEB8-8B4A-11D0-8D11-00A0C91BC942}") = "Project1-2", "Project1-2\Project1-2.vcxproj", "{AF228083-AA2C-4CFA-BEF9-1FA5B7A55A7E}"
EndProject
Project("{8BC9CEB8-8B4A-11D0-8D11-00A0C91BC942}") = "Project1-3", "Project1-3\Project1-3.vcxproj", "{375E838C-E834-4932-A012-646FF0B99D88}"
EndProject
Project("{8BC9CEB8-8B4A-11D0-8D11-00A0C91BC942}") = "Project1-4", "Project1-4\Project1-4.vcxproj", "{2B92BF35-1B46-4635-9C3F-3257A7BB1C1B}"
EndProject
Project("{8BC9CEB8-8B4A-11D0-8D11-00A0C91BC942}") = "Project1-5", "Project1-5\Project1-5.vcxproj", "{8543AF5D-F145-4BC6-8C56-1DF53DB396F0}"
EndProject
Project("{8BC9CEB8-8B4A-11D0-8D11-00A0C91BC942}") = "Project2-1", "Project2-1\Project2-1.vcxproj", "{83F8AA52-B296-46F3-BB2F-ACF001910D5F}"
EndProject
Project("{8BC9CEB8-8B4A-11D0-8D11-00A0C91BC942}") = "Project2-2", "Project2-2\Project2-2.vcxproj", "{3D0722F2-35CD-4361-B202-832641948656}"
EndProject
Project("{8BC9CEB8-8B4A-11D0-8D11-00A0C91BC942}") = "Project2-3", "Project2-3\Project2-3.vcxproj", "{FB2C24F3-D98E-436E-B6D4-BFEE3933E76F}"
EndProject
Project("{8BC9CEB8-8B4A-11D0-8D11-00A0C91BC942}") = "Project2-4", "Project2-4\Project2-4.vcxproj", "{3E8A421C-0BAF-4FCF-9484-AD2FEEA736E4}"
EndProject
Project("{8BC9CEB8-8B4A-11D0-8D11-00A0C91BC942}") = "Project2-5", "Project2-5\Project2-5.vcxproj", "{CDA9532E-A65E-427B-82D1-AD6268CE7DF1}"
EndProject
Project("{8BC9CEB8-8B4A-11D0-8D11-00A0C91BC942}") = "Project3-1", "Project3-1\Project3-1.vcxproj", "{53877EA5-D469-4CBC-B643-7586FE0D94A0}"
EndProject
Project("{8BC9CEB8-8B4A-11D0-8D11-00A0C91BC942}") = "Project3-2", "Project3-2\Project3-2.vcxproj", "{6F479FCA-86E9-48E3-9EA2-FF8BDFA837E7}"
EndProject
Global
	GlobalSection(SolutionConfigurationPlatforms) = preSolution
		Debug|x64 = Debug|x64
		Debug|x86 = Debug|x86
		Release|x64 = Release|x64
		Release|x86 = Release|x86
	EndGlobalSection
	GlobalSection(ProjectConfigurationPlatforms) = postSolution
		{AF228083-AA2C-4CFA-BEF9-1FA5B7A55A7E}.Debug|x64.ActiveCfg = Debug|x64
		{AF228083-AA2C-4CFA-BEF9-1FA5B7A55A7E}.Debug|x64.Build.0 = Debug|x64
		{AF228083-AA2C-4CFA-BEF9-1FA5B7A55A7E}.Debug|x86.ActiveCfg = Debug|Win32
		{AF228083-AA2C-4CFA-BEF9-1FA5B7A55A7E}.Debug|x86.Build.0 = Debug|Win32
		{AF228083-AA2C-4CFA-BEF9-1FA5B7A55A7E}.Release|x64.ActiveCfg = Release|x64
		{AF228083-AA2C-4CFA-BEF9-1FA5B7A55A7E}.Release|x64.Build.0 = Release|x64
		{AF228083-AA2C-4CFA-BEF9-1FA5B7A55A7E}.Release|x86.ActiveCfg = Release|Win32
		{AF228083-AA2C-4CFA-BEF9-1FA5B7A55A7E}.Release|x86.Build.0 = Release|Win32
		{375E838C-E834-4932-A012-646FF0B99D88}.Debug|x64.ActiveCfg = Debug|x64
		{375E838C-E834-4932-A012-646FF0B99D88}.Debug|x64.Build.0 = Debug|x64
		{375E838C-E834-4932-A012-646FF0B99D88}.Debug|x86.ActiveCfg = Debug|Win32
		{375E838C-E834-4932-A012-646FF0B99D88}.Debug|x86.Build.0 = Debug|Win32
		{375E838C-E834-4932-A012-646FF0B99D88}.Release|x64.ActiveCfg = Release|x64
		{375E838C-E834-4932-A012-646FF0B99D88}.Release|x64.Build.0 = Release|x64
		{375E838C-E834-4932-A012-646FF0B99D88}.Release|x86.ActiveCfg = Release|Win32
		{375E838C-E834-4932-A012-646FF0B99D88}.Release|x86.Build.0 = Release|Win32
		{2B92BF35-1B46-4635-9C3F-3257A7BB1C1B}.Debug|x64.ActiveCfg = Debug|x64
		{2B92BF35-1B46-4635-9C3F-3257A7BB1C1B}.Debug|x64.Build.0 = Debug|x64
		{2B92BF35-1B46-4635-9C3F-3257A7BB1C1B}.Debug|x86.ActiveCfg = Debug|Win32
		{2B92BF35-1B46-4635-9C3F-3257A7BB1C1B}.Debug|x86.Build.0 = Debug|Win32
		{2B92BF35-1B46-4635-9C3F-3257A7BB1C1B}.Release|x64.ActiveCfg = Release|x64
		{2B92BF35-1B46-4635-9C3F-3257A7BB1C1B}.Release|x64.Build.0 = Release|x64
		{2B92BF35-1B46-4635-9C3F-3257A7BB1C1B}.Release|x86.ActiveCfg = Release|Win32
		{2B92BF35-1B46-4635-9C3F-3257A7BB1C1B}.Release|x86.Build.0 = Release|Win32
		{8543AF5D-F145-4BC6-8C56-1DF53DB396F0}.Debug|x64.ActiveCfg = Debug|x64
		{8543AF5D-F145-4BC6-8C56-1DF53DB396F0}.Debug|x64.Build.0 = Debug|x64
		{8543AF5D-F145-4BC6-8C56-1DF53DB396F0}.Debug|x86.ActiveCfg = Debug|Win32
		{8543AF5D-F145-4BC6-8C56-1DF53DB396F0}.Debug|x86.Build.0 = Debug|Win32
		{8543AF5D-F145-4BC6-8C56-1DF53DB396F0}.Release|x64.ActiveCfg = Release|x64
		{8543AF5D-F145-4BC6-8C56-1DF53DB396F0}.Release|x64.Build.0 = Release|x64
		{8543AF5D-F145-4BC6-8C56-1DF53DB396F0}.Release|x86.ActiveCfg = Release|Win32
		{8543AF5D-F145-4BC6-8C56-1DF53DB396F0}.Release|x86.Build.0 = Release|Win32
		{83F8AA52-B296-46F3-BB2F-ACF001910D5F}.Debug|x64.ActiveCfg = Debug|x64
		{83F8AA52-B296-46F3-BB2F-ACF001910D5F}.Debug|x64.Build.0 = Debug|x64
		{83F8AA52-B296-46F3-BB2F-ACF001910D5F}.Debug|x86.ActiveCfg = Debug|Win32
		{83F8AA52-B296-46F3-BB2F-ACF001910D5F}.Debug|x86.Build.0 = Debug|Win32
		{83F8AA52-B296-46F3-BB2F-ACF001910D5F}.Release|x64.ActiveCfg = Release|x64
		{83F8AA52-B296-46F3-BB2F-ACF001910D5F}.Release|x64.Build.0 = Release|x64
		{83F8AA52-B296-46F3-BB2F-ACF001910D5F}.Release|x86.ActiveCfg = Release|Win32
		{83F8AA52-B296-46F3-BB2F-ACF001910D5F}.Release|x86.Build.0 = Release|Win32
		{3D0722F2-35CD-4361-B202-832641948656}.Debug|x64.ActiveCfg = Debug|x64
		{3D0722F2-35CD-4361-B202-832641948656}.Debug|x64.Build.0 = Debug|x64
		{3D0722F2-35CD-4361-B202-832641948656}.Debug|x86.ActiveCfg = Debug|Win32
		{3D0722F2-35CD-4361-B202-832641948656}.Debug|x86.Build.0 = Debug|Win32
		{3D0722F2-35CD-4361-B202-832641948656}.Release|x64.ActiveCfg = Release|x64
		{3D0722F2-35CD-4361-B202-832641948656}.Release|x64.Build.0 = Release|x64
		{3D0722F2-35CD-4361-B202-832641948656}.Release|x86.ActiveCfg = Release|Win32
		{3D0722F2-35CD-4361-B202-832641948656}.Release|x86.Build.0 = Release|Win32
		{FB2C24F3-D98E-436E-B6D4-BFEE3933E76F}.Debug|x64.ActiveCfg = Debug|x64
		{FB2C24F3-D98E-436E-B6D4-BFEE3933E76F}.Debug|x64.Build.0 = Debug|x64
		{FB2C24F3-D98E-436E-B6D4-BFEE3933E76F}.Debug|x86.ActiveCfg = Debug|Win32
		{FB2C24F3-D98E-436E-B6D4-BFEE3933E76F}.Debug|x86.Build.0 = Debug|Win32
		{FB2C24F3-D98E-436E-B6D4-BFEE3933E76F}.Release|x64.ActiveCfg = Release|x64
		{FB2C24F3-D98E-436E-B6D4-BFEE3933E76F}.Release|x64.Build.0 = Release|x64
		{FB2C24F3-D98E-436E-B6D4-BFEE3933E76F}.Release|x86.ActiveCfg = Release|Win32
		{FB2C24F3-D98E-436E-B6D4-BFEE3933E76F}.Release|x86.Build.0 = Release|Win32
		{3E8A421C-0BAF-4FCF-9484-AD2FEEA736E4}.Debug|x64.ActiveCfg = Debug|x64
		{3E8A421C-0BAF-4FCF-9484-AD2FEEA736E4}.Debug|x64.Build.0 = Debug|x64
		{3E8A421C-0BAF-4FCF-9484-AD2FEEA736E4}.Debug|x86.ActiveCfg = Debug|Win32
		{3E8A421C-0BAF-4FCF-9484-AD2FEEA736E4}.Debug|x86.Build.0 = Debug|Win32
		{3E8A421C-0BAF-4FCF-9484-AD2FEEA736E4}.Release|x64.ActiveCfg = Release|x64
		{3E8A421C-0BAF-4FCF-9484-AD2FEEA736E4}.Release|x64.Build.0 = Release|x64
		{3E8A421C-0BAF-4FCF-9484-AD2FEEA736E4}.Release|x86.ActiveCfg = Release|Win32
		{3E8A421C-0BAF-4FCF-9484-AD2FEEA736E4}.Release|x86.Build.0 = Release|Win32
		{CDA9532E-A65E-427B-82D1-AD6268CE7DF1}.Debug|x64.ActiveCfg = Debug|x64
		{CDA9532E-A65E-427B-82D1-AD6268CE7DF1}.Debug|x64.Build.0 = Debug|x64
		{CDA9532E-A65E-427B-82D1-AD6268CE7DF1}.Debug|x86.ActiveCfg = Debug|Win32
		{CDA9532E-A65E-427B-82D1-AD6268CE7DF1}.Debug|x86.Build.0 = Debug|Win32
		{CDA9532E-A65E-427B-82D1-AD6268CE7DF1}.Release|x64.ActiveCfg = Release|x64
		{CDA9532E-A65E-427B-82D1-AD6268CE7DF1}.Release|x64.Build.0 = Release|x64
		{CDA9532E-A65E-427B-82D1-AD6268CE7DF1}.Release|x86.ActiveCfg = Release|Win32
		{CDA9532E-A65E-427B-82D1-AD6268CE7DF1}.Release|x86.Build.0 = Release|Win32
		{53877EA5-D469-4CBC-B643-7586FE0D94A0}.Debug|x64.ActiveCfg = Debug|x64
		{53877EA5-D469-4CBC-B643-7586FE0D94A0}.Debug|x64.Build.0 = Debug|x64
		{53877EA5-D469-4CBC-B643-7586FE0D94A0}.Debug|x86.ActiveCfg = Debug|Win32
		{53877EA5-D469-4CBC-B643-7586FE0D94A0}.Debug|x86.Build.0 = Debug|Win32
		{53877EA5-D469-4CBC-B643-7586FE0D94A0}.Release|x64.ActiveCfg = Release|x64
		{53877EA5-D469-4CBC-B643-7586FE0D94A0}.Release|x64.Build.0 = Release|x64
		{53877EA5-D469-4CBC-B643-7586FE0D94A0}.Release|x86.ActiveCfg = Release|Win32
		{53877EA5-D469-4CBC-B643-7586FE0D94A0}.Release|x86.Build.0 = Release|Win32
		{6F479FCA-86E9-48E3-9EA2-FF8BDFA837E7}.Debug|x64.ActiveCfg = Debug|x64
		{6F479FCA-86E9-48E3-9EA2-FF8BDFA837E7}.Debug|x64.Build.0 = Debug|x64
		{6F479FCA-86E9-48E3-9EA2-FF8BDFA837E7}.Debug|x86.ActiveCfg = Debug|Win32
		{6F479FCA-86E9-48E3-9EA2-FF8BDFA837E7}.Debug|x86.Build.0 = Debug|Win32
		{6F479FCA-86E9-48E3-9EA2-FF8BDFA837E7}.Release|x64.ActiveCfg = Release|x64
		{6F479FCA-86E9-48E3-9EA2-FF8BDFA837E7}.Release|x64.Build.0 = Release|x64
		{6F479FCA-86E9-48E3-9EA2-FF8BDFA837E7}.Release|x86.ActiveCfg = Release|Win32
		{6F479FCA-86E9-48E3-9EA2-FF8BDFA837E7}.Release|x86.Build.0 = Release|Win32
	EndGlobalSection
	GlobalSection(SolutionProperties) = preSolution
		HideSolutionNode = FALSE
	EndGlobalSection
	GlobalSection(ExtensibilityGlobals) = postSolution
		SolutionGuid = {BD639D0F-3216-47F3-869D-6EEF1A2F4F7E}
	EndGlobalSection
EndGlobal
